
Microsoft Visual Studio Solution File, Format Version 12.00
# Visual Studio Version 16
VisualStudioVersion = 25.0.1705.6
MinimumVisualStudioVersion = 10.0.40219.1
Project("{FAE04EC0-301F-11D3-BF4B-00C04F79EFBC}") = "ColdTournament", "ColdTournament.csproj", "{4D915B8A-6B48-45DC-B33E-D2B633E76041}"
EndProject
Global
	GlobalSection(SolutionConfigurationPlatforms) = preSolution
		Debug|Any CPU = Debug|Any CPU
		Release|Any CPU = Release|Any CPU
	EndGlobalSection
	GlobalSection(ProjectConfigurationPlatforms) = postSolution
		{4D915B8A-6B48-45DC-B33E-D2B633E76041}.Debug|Any CPU.ActiveCfg = Debug|Any CPU
		{4D915B8A-6B48-45DC-B33E-D2B633E76041}.Debug|Any CPU.Build.0 = Debug|Any CPU
		{4D915B8A-6B48-45DC-B33E-D2B633E76041}.Release|Any CPU.ActiveCfg = Release|Any CPU
		{4D915B8A-6B48-45DC-B33E-D2B633E76041}.Release|Any CPU.Build.0 = Release|Any CPU
	EndGlobalSection
	GlobalSection(SolutionProperties) = preSolution
		HideSolutionNode = FALSE
	EndGlobalSection
	GlobalSection(ExtensibilityGlobals) = postSolution
		SolutionGuid = {C16159C7-6D13-4D46-8659-5AFB84490D9B}
	EndGlobalSection
EndGlobal
