
Microsoft Visual Studio Solution File, Format Version 12.00
# Visual Studio Version 17
VisualStudioVersion = 17.6.33723.286
MinimumVisualStudioVersion = 10.0.40219.1
Project("{FAE04EC0-301F-11D3-BF4B-00C04F79EFBC}") = "ColdTournament", "ColdTournament\ColdTournament.csproj", "{7359208C-5E69-4E75-94AA-740A35933C8B}"
EndProject
Global
	GlobalSection(SolutionConfigurationPlatforms) = preSolution
		Debug|Any CPU = Debug|Any CPU
		Release|Any CPU = Release|Any CPU
	EndGlobalSection
	GlobalSection(ProjectConfigurationPlatforms) = postSolution
		{7359208C-5E69-4E75-94AA-740A35933C8B}.Debug|Any CPU.ActiveCfg = Debug|Any CPU
		{7359208C-5E69-4E75-94AA-740A35933C8B}.Debug|Any CPU.Build.0 = Debug|Any CPU
		{7359208C-5E69-4E75-94AA-740A35933C8B}.Release|Any CPU.ActiveCfg = Release|Any CPU
		{7359208C-5E69-4E75-94AA-740A35933C8B}.Release|Any CPU.Build.0 = Release|Any CPU
	EndGlobalSection
	GlobalSection(SolutionProperties) = preSolution
		HideSolutionNode = FALSE
	EndGlobalSection
	GlobalSection(ExtensibilityGlobals) = postSolution
		SolutionGuid = {01DE7618-3784-440D-8BDB-7B1DBF1FFBE0}
	EndGlobalSection
EndGlobal
